// !$*UTF8*$!
{
	archiveVersion = 1;
	classes = {
	};
	objectVersion = 56;
	objects = {

/* Begin PBXBuildFile section */
		E407D0612A4A1EAE00158B76 /* UITodoListCell.swift in Sources */ = {isa = PBXBuildFile; fileRef = E407D0602A4A1EAE00158B76 /* UITodoListCell.swift */; };
		E43AC6D62A448B8B00C967C0 /* UITodoListView.swift in Sources */ = {isa = PBXBuildFile; fileRef = E43AC6D52A448B8B00C967C0 /* UITodoListView.swift */; };
		E44917462A52E5260071F3DA /* .swiftlint.yml in Resources */ = {isa = PBXBuildFile; fileRef = E44917452A52E5260071F3DA /* .swiftlint.yml */; };
		E44917482A52E9F60071F3DA /* URLSession+dataTask.swift in Sources */ = {isa = PBXBuildFile; fileRef = E44917472A52E9F60071F3DA /* URLSession+dataTask.swift */; };
		E449174A2A5329810071F3DA /* NetworkTests.swift in Sources */ = {isa = PBXBuildFile; fileRef = E44917492A5329810071F3DA /* NetworkTests.swift */; };
		E44E99882A40D19500985977 /* Log.swift in Sources */ = {isa = PBXBuildFile; fileRef = E44E99872A40D19500985977 /* Log.swift */; };
		E44E998D2A430C1000985977 /* Store.swift in Sources */ = {isa = PBXBuildFile; fileRef = E44E998C2A430C1000985977 /* Store.swift */; };
		E44E998F2A430C3500985977 /* State.swift in Sources */ = {isa = PBXBuildFile; fileRef = E44E998E2A430C3500985977 /* State.swift */; };
		E44E99912A430D7C00985977 /* Reducer.swift in Sources */ = {isa = PBXBuildFile; fileRef = E44E99902A430D7C00985977 /* Reducer.swift */; };
		E44E99962A43130D00985977 /* TodoListStore.swift in Sources */ = {isa = PBXBuildFile; fileRef = E44E99952A43130D00985977 /* TodoListStore.swift */; };
		E44E99982A43132D00985977 /* TodoListState.swift in Sources */ = {isa = PBXBuildFile; fileRef = E44E99972A43132D00985977 /* TodoListState.swift */; };
		E44E999A2A43133A00985977 /* TodoListReducer.swift in Sources */ = {isa = PBXBuildFile; fileRef = E44E99992A43133A00985977 /* TodoListReducer.swift */; };
		E462960E2A3D32C800EE3439 /* AppDelegate.swift in Sources */ = {isa = PBXBuildFile; fileRef = E462960D2A3D32C800EE3439 /* AppDelegate.swift */; };
		E46296102A3D32C800EE3439 /* SceneDelegate.swift in Sources */ = {isa = PBXBuildFile; fileRef = E462960F2A3D32C800EE3439 /* SceneDelegate.swift */; };
		E46296122A3D32C800EE3439 /* ViewController.swift in Sources */ = {isa = PBXBuildFile; fileRef = E46296112A3D32C800EE3439 /* ViewController.swift */; };
		E46296172A3D32CC00EE3439 /* Assets.xcassets in Resources */ = {isa = PBXBuildFile; fileRef = E46296162A3D32CC00EE3439 /* Assets.xcassets */; };
		E46296252A3D32CC00EE3439 /* ToDoList_UIKitTests.swift in Sources */ = {isa = PBXBuildFile; fileRef = E46296242A3D32CC00EE3439 /* ToDoList_UIKitTests.swift */; };
		E462962F2A3D32CC00EE3439 /* ToDoList_UIKitUITests.swift in Sources */ = {isa = PBXBuildFile; fileRef = E462962E2A3D32CC00EE3439 /* ToDoList_UIKitUITests.swift */; };
		E46296312A3D32CC00EE3439 /* ToDoList_UIKitUITestsLaunchTests.swift in Sources */ = {isa = PBXBuildFile; fileRef = E46296302A3D32CC00EE3439 /* ToDoList_UIKitUITestsLaunchTests.swift */; };
		E462963F2A3D33D600EE3439 /* FileCache.swift in Sources */ = {isa = PBXBuildFile; fileRef = E462963D2A3D33D600EE3439 /* FileCache.swift */; };
		E46296402A3D33D600EE3439 /* TodoItem.swift in Sources */ = {isa = PBXBuildFile; fileRef = E462963E2A3D33D600EE3439 /* TodoItem.swift */; };
		E468D6402A4F02D200DB9567 /* NSLayoutConstraint.swift in Sources */ = {isa = PBXBuildFile; fileRef = E468D63F2A4F02D200DB9567 /* NSLayoutConstraint.swift */; };
		E468D6422A4F14DF00DB9567 /* UICounterLabel.swift in Sources */ = {isa = PBXBuildFile; fileRef = E468D6412A4F14DF00DB9567 /* UICounterLabel.swift */; };
		E468D6442A4F5B5C00DB9567 /* UIBarButtonItem+design.swift in Sources */ = {isa = PBXBuildFile; fileRef = E468D6432A4F5B5C00DB9567 /* UIBarButtonItem+design.swift */; };
		E477BAE92A465E0E00C4352F /* EditorTodoItemController.swift in Sources */ = {isa = PBXBuildFile; fileRef = E477BAE82A465E0E00C4352F /* EditorTodoItemController.swift */; };
		E4DE61F22A4CD59600FD1DA5 /* UIContextualAction+design.swift in Sources */ = {isa = PBXBuildFile; fileRef = E4DE61F12A4CD59600FD1DA5 /* UIContextualAction+design.swift */; };
		E4DE61F42A4DB5A100FD1DA5 /* UIRadioImportance.swift in Sources */ = {isa = PBXBuildFile; fileRef = E4DE61F32A4DB5A100FD1DA5 /* UIRadioImportance.swift */; };
		E4DE61F62A4DB7C000FD1DA5 /* UIView+design.swift in Sources */ = {isa = PBXBuildFile; fileRef = E4DE61F52A4DB7C000FD1DA5 /* UIView+design.swift */; };
		E4DE61F82A4E0CDE00FD1DA5 /* UITextEditor.swift in Sources */ = {isa = PBXBuildFile; fileRef = E4DE61F72A4E0CDE00FD1DA5 /* UITextEditor.swift */; };
		E4FCE5C92A4B700C00E2C056 /* UIImage+createView.swift in Sources */ = {isa = PBXBuildFile; fileRef = E4FCE5C82A4B700C00E2C056 /* UIImage+createView.swift */; };
		E4FE21A02A5714F40067ACE5 /* NetworkingService.swift in Sources */ = {isa = PBXBuildFile; fileRef = E4FE219F2A5714F40067ACE5 /* NetworkingService.swift */; };
/* End PBXBuildFile section */

/* Begin PBXContainerItemProxy section */
		E46296212A3D32CC00EE3439 /* PBXContainerItemProxy */ = {
			isa = PBXContainerItemProxy;
			containerPortal = E46296022A3D32C800EE3439 /* Project object */;
			proxyType = 1;
			remoteGlobalIDString = E46296092A3D32C800EE3439;
			remoteInfo = ToDoList_UIKit;
		};
		E462962B2A3D32CC00EE3439 /* PBXContainerItemProxy */ = {
			isa = PBXContainerItemProxy;
			containerPortal = E46296022A3D32C800EE3439 /* Project object */;
			proxyType = 1;
			remoteGlobalIDString = E46296092A3D32C800EE3439;
			remoteInfo = ToDoList_UIKit;
		};
/* End PBXContainerItemProxy section */

/* Begin PBXFileReference section */
		E407D0602A4A1EAE00158B76 /* UITodoListCell.swift */ = {isa = PBXFileReference; lastKnownFileType = sourcecode.swift; path = UITodoListCell.swift; sourceTree = "<group>"; };
		E42AF94F2A5580DE003F47C9 /* ToDoList_UIKitTests.xctestplan */ = {isa = PBXFileReference; lastKnownFileType = text; path = ToDoList_UIKitTests.xctestplan; sourceTree = "<group>"; };
		E43AC6D52A448B8B00C967C0 /* UITodoListView.swift */ = {isa = PBXFileReference; lastKnownFileType = sourcecode.swift; path = UITodoListView.swift; sourceTree = "<group>"; };
		E44917452A52E5260071F3DA /* .swiftlint.yml */ = {isa = PBXFileReference; lastKnownFileType = text.yaml; path = .swiftlint.yml; sourceTree = "<group>"; };
		E44917472A52E9F60071F3DA /* URLSession+dataTask.swift */ = {isa = PBXFileReference; lastKnownFileType = sourcecode.swift; path = "URLSession+dataTask.swift"; sourceTree = "<group>"; };
		E44917492A5329810071F3DA /* NetworkTests.swift */ = {isa = PBXFileReference; lastKnownFileType = sourcecode.swift; path = NetworkTests.swift; sourceTree = "<group>"; };
		E44E99872A40D19500985977 /* Log.swift */ = {isa = PBXFileReference; lastKnownFileType = sourcecode.swift; path = Log.swift; sourceTree = "<group>"; };
		E44E998C2A430C1000985977 /* Store.swift */ = {isa = PBXFileReference; lastKnownFileType = sourcecode.swift; path = Store.swift; sourceTree = "<group>"; };
		E44E998E2A430C3500985977 /* State.swift */ = {isa = PBXFileReference; lastKnownFileType = sourcecode.swift; path = State.swift; sourceTree = "<group>"; };
		E44E99902A430D7C00985977 /* Reducer.swift */ = {isa = PBXFileReference; lastKnownFileType = sourcecode.swift; path = Reducer.swift; sourceTree = "<group>"; };
		E44E99952A43130D00985977 /* TodoListStore.swift */ = {isa = PBXFileReference; lastKnownFileType = sourcecode.swift; path = TodoListStore.swift; sourceTree = "<group>"; };
		E44E99972A43132D00985977 /* TodoListState.swift */ = {isa = PBXFileReference; lastKnownFileType = sourcecode.swift; path = TodoListState.swift; sourceTree = "<group>"; };
		E44E99992A43133A00985977 /* TodoListReducer.swift */ = {isa = PBXFileReference; lastKnownFileType = sourcecode.swift; path = TodoListReducer.swift; sourceTree = "<group>"; };
		E462960A2A3D32C800EE3439 /* ToDoList_UIKit.app */ = {isa = PBXFileReference; explicitFileType = wrapper.application; includeInIndex = 0; path = ToDoList_UIKit.app; sourceTree = BUILT_PRODUCTS_DIR; };
		E462960D2A3D32C800EE3439 /* AppDelegate.swift */ = {isa = PBXFileReference; lastKnownFileType = sourcecode.swift; path = AppDelegate.swift; sourceTree = "<group>"; };
		E462960F2A3D32C800EE3439 /* SceneDelegate.swift */ = {isa = PBXFileReference; lastKnownFileType = sourcecode.swift; path = SceneDelegate.swift; sourceTree = "<group>"; };
		E46296112A3D32C800EE3439 /* ViewController.swift */ = {isa = PBXFileReference; lastKnownFileType = sourcecode.swift; path = ViewController.swift; sourceTree = "<group>"; };
		E46296162A3D32CC00EE3439 /* Assets.xcassets */ = {isa = PBXFileReference; lastKnownFileType = folder.assetcatalog; path = Assets.xcassets; sourceTree = "<group>"; };
		E462961B2A3D32CC00EE3439 /* Info.plist */ = {isa = PBXFileReference; lastKnownFileType = text.plist.xml; path = Info.plist; sourceTree = "<group>"; };
		E46296202A3D32CC00EE3439 /* ToDoList_UIKitTests.xctest */ = {isa = PBXFileReference; explicitFileType = wrapper.cfbundle; includeInIndex = 0; path = ToDoList_UIKitTests.xctest; sourceTree = BUILT_PRODUCTS_DIR; };
		E46296242A3D32CC00EE3439 /* ToDoList_UIKitTests.swift */ = {isa = PBXFileReference; lastKnownFileType = sourcecode.swift; path = ToDoList_UIKitTests.swift; sourceTree = "<group>"; };
		E462962A2A3D32CC00EE3439 /* ToDoList_UIKitUITests.xctest */ = {isa = PBXFileReference; explicitFileType = wrapper.cfbundle; includeInIndex = 0; path = ToDoList_UIKitUITests.xctest; sourceTree = BUILT_PRODUCTS_DIR; };
		E462962E2A3D32CC00EE3439 /* ToDoList_UIKitUITests.swift */ = {isa = PBXFileReference; lastKnownFileType = sourcecode.swift; path = ToDoList_UIKitUITests.swift; sourceTree = "<group>"; };
		E46296302A3D32CC00EE3439 /* ToDoList_UIKitUITestsLaunchTests.swift */ = {isa = PBXFileReference; lastKnownFileType = sourcecode.swift; path = ToDoList_UIKitUITestsLaunchTests.swift; sourceTree = "<group>"; };
		E462963D2A3D33D600EE3439 /* FileCache.swift */ = {isa = PBXFileReference; fileEncoding = 4; lastKnownFileType = sourcecode.swift; path = FileCache.swift; sourceTree = "<group>"; };
		E462963E2A3D33D600EE3439 /* TodoItem.swift */ = {isa = PBXFileReference; fileEncoding = 4; lastKnownFileType = sourcecode.swift; path = TodoItem.swift; sourceTree = "<group>"; };
		E468D63F2A4F02D200DB9567 /* NSLayoutConstraint.swift */ = {isa = PBXFileReference; lastKnownFileType = sourcecode.swift; path = NSLayoutConstraint.swift; sourceTree = "<group>"; };
		E468D6412A4F14DF00DB9567 /* UICounterLabel.swift */ = {isa = PBXFileReference; lastKnownFileType = sourcecode.swift; path = UICounterLabel.swift; sourceTree = "<group>"; };
		E468D6432A4F5B5C00DB9567 /* UIBarButtonItem+design.swift */ = {isa = PBXFileReference; lastKnownFileType = sourcecode.swift; path = "UIBarButtonItem+design.swift"; sourceTree = "<group>"; };
		E477BAE82A465E0E00C4352F /* EditorTodoItemController.swift */ = {isa = PBXFileReference; lastKnownFileType = sourcecode.swift; path = EditorTodoItemController.swift; sourceTree = "<group>"; };
		E4DE61F12A4CD59600FD1DA5 /* UIContextualAction+design.swift */ = {isa = PBXFileReference; lastKnownFileType = sourcecode.swift; path = "UIContextualAction+design.swift"; sourceTree = "<group>"; };
		E4DE61F32A4DB5A100FD1DA5 /* UIRadioImportance.swift */ = {isa = PBXFileReference; lastKnownFileType = sourcecode.swift; path = UIRadioImportance.swift; sourceTree = "<group>"; };
		E4DE61F52A4DB7C000FD1DA5 /* UIView+design.swift */ = {isa = PBXFileReference; lastKnownFileType = sourcecode.swift; path = "UIView+design.swift"; sourceTree = "<group>"; };
		E4DE61F72A4E0CDE00FD1DA5 /* UITextEditor.swift */ = {isa = PBXFileReference; lastKnownFileType = sourcecode.swift; path = UITextEditor.swift; sourceTree = "<group>"; };
		E4FCE5C82A4B700C00E2C056 /* UIImage+createView.swift */ = {isa = PBXFileReference; lastKnownFileType = sourcecode.swift; path = "UIImage+createView.swift"; sourceTree = "<group>"; };
		E4FE219F2A5714F40067ACE5 /* NetworkingService.swift */ = {isa = PBXFileReference; lastKnownFileType = sourcecode.swift; path = NetworkingService.swift; sourceTree = "<group>"; };
/* End PBXFileReference section */

/* Begin PBXFrameworksBuildPhase section */
		E46296072A3D32C800EE3439 /* Frameworks */ = {
			isa = PBXFrameworksBuildPhase;
			buildActionMask = 2147483647;
			files = (
			);
			runOnlyForDeploymentPostprocessing = 0;
		};
		E462961D2A3D32CC00EE3439 /* Frameworks */ = {
			isa = PBXFrameworksBuildPhase;
			buildActionMask = 2147483647;
			files = (
			);
			runOnlyForDeploymentPostprocessing = 0;
		};
		E46296272A3D32CC00EE3439 /* Frameworks */ = {
			isa = PBXFrameworksBuildPhase;
			buildActionMask = 2147483647;
			files = (
			);
			runOnlyForDeploymentPostprocessing = 0;
		};
/* End PBXFrameworksBuildPhase section */

/* Begin PBXGroup section */
		E44E99892A40F83400985977 /* Model */ = {
			isa = PBXGroup;
			children = (
				E462963E2A3D33D600EE3439 /* TodoItem.swift */,
				E44E99872A40D19500985977 /* Log.swift */,
				E462963D2A3D33D600EE3439 /* FileCache.swift */,
				E4FE219F2A5714F40067ACE5 /* NetworkingService.swift */,
			);
			path = Model;
			sourceTree = "<group>";
		};
		E44E998A2A40F85B00985977 /* View */ = {
			isa = PBXGroup;
			children = (
				E43AC6D52A448B8B00C967C0 /* UITodoListView.swift */,
				E407D0602A4A1EAE00158B76 /* UITodoListCell.swift */,
				E4DE61F32A4DB5A100FD1DA5 /* UIRadioImportance.swift */,
				E4DE61F72A4E0CDE00FD1DA5 /* UITextEditor.swift */,
				E468D6412A4F14DF00DB9567 /* UICounterLabel.swift */,
			);
			path = View;
			sourceTree = "<group>";
		};
		E44E998B2A43033100985977 /* MVI */ = {
			isa = PBXGroup;
			children = (
				E44E99942A4312C700985977 /* State */,
				E44E99932A4312BF00985977 /* Store */,
				E44E99922A43108A00985977 /* Reducer */,
				E44E998C2A430C1000985977 /* Store.swift */,
				E44E998E2A430C3500985977 /* State.swift */,
				E44E99902A430D7C00985977 /* Reducer.swift */,
			);
			path = MVI;
			sourceTree = "<group>";
		};
		E44E99922A43108A00985977 /* Reducer */ = {
			isa = PBXGroup;
			children = (
				E44E99992A43133A00985977 /* TodoListReducer.swift */,
			);
			path = Reducer;
			sourceTree = "<group>";
		};
		E44E99932A4312BF00985977 /* Store */ = {
			isa = PBXGroup;
			children = (
				E44E99952A43130D00985977 /* TodoListStore.swift */,
			);
			path = Store;
			sourceTree = "<group>";
		};
		E44E99942A4312C700985977 /* State */ = {
			isa = PBXGroup;
			children = (
				E44E99972A43132D00985977 /* TodoListState.swift */,
			);
			path = State;
			sourceTree = "<group>";
		};
		E46296012A3D32C800EE3439 = {
			isa = PBXGroup;
			children = (
				E42AF94F2A5580DE003F47C9 /* ToDoList_UIKitTests.xctestplan */,
				E44917452A52E5260071F3DA /* .swiftlint.yml */,
				E462960C2A3D32C800EE3439 /* ToDoList_UIKit */,
				E46296232A3D32CC00EE3439 /* ToDoList_UIKitTests */,
				E462962D2A3D32CC00EE3439 /* ToDoList_UIKitUITests */,
				E462960B2A3D32C800EE3439 /* Products */,
			);
			sourceTree = "<group>";
		};
		E462960B2A3D32C800EE3439 /* Products */ = {
			isa = PBXGroup;
			children = (
				E462960A2A3D32C800EE3439 /* ToDoList_UIKit.app */,
				E46296202A3D32CC00EE3439 /* ToDoList_UIKitTests.xctest */,
				E462962A2A3D32CC00EE3439 /* ToDoList_UIKitUITests.xctest */,
			);
			name = Products;
			sourceTree = "<group>";
		};
		E462960C2A3D32C800EE3439 /* ToDoList_UIKit */ = {
			isa = PBXGroup;
			children = (
				E44E998B2A43033100985977 /* MVI */,
				E44E998A2A40F85B00985977 /* View */,
				E44E99892A40F83400985977 /* Model */,
				E462960D2A3D32C800EE3439 /* AppDelegate.swift */,
				E462960F2A3D32C800EE3439 /* SceneDelegate.swift */,
				E46296112A3D32C800EE3439 /* ViewController.swift */,
				E46296162A3D32CC00EE3439 /* Assets.xcassets */,
				E462961B2A3D32CC00EE3439 /* Info.plist */,
				E477BAE82A465E0E00C4352F /* EditorTodoItemController.swift */,
				E4FCE5C82A4B700C00E2C056 /* UIImage+createView.swift */,
				E4DE61F12A4CD59600FD1DA5 /* UIContextualAction+design.swift */,
				E4DE61F52A4DB7C000FD1DA5 /* UIView+design.swift */,
				E468D63F2A4F02D200DB9567 /* NSLayoutConstraint.swift */,
				E468D6432A4F5B5C00DB9567 /* UIBarButtonItem+design.swift */,
				E44917472A52E9F60071F3DA /* URLSession+dataTask.swift */,
			);
			path = ToDoList_UIKit;
			sourceTree = "<group>";
		};
		E46296232A3D32CC00EE3439 /* ToDoList_UIKitTests */ = {
			isa = PBXGroup;
			children = (
				E46296242A3D32CC00EE3439 /* ToDoList_UIKitTests.swift */,
				E44917492A5329810071F3DA /* NetworkTests.swift */,
			);
			path = ToDoList_UIKitTests;
			sourceTree = "<group>";
		};
		E462962D2A3D32CC00EE3439 /* ToDoList_UIKitUITests */ = {
			isa = PBXGroup;
			children = (
				E462962E2A3D32CC00EE3439 /* ToDoList_UIKitUITests.swift */,
				E46296302A3D32CC00EE3439 /* ToDoList_UIKitUITestsLaunchTests.swift */,
			);
			path = ToDoList_UIKitUITests;
			sourceTree = "<group>";
		};
/* End PBXGroup section */

/* Begin PBXNativeTarget section */
		E46296092A3D32C800EE3439 /* ToDoList_UIKit */ = {
			isa = PBXNativeTarget;
			buildConfigurationList = E46296342A3D32CC00EE3439 /* Build configuration list for PBXNativeTarget "ToDoList_UIKit" */;
			buildPhases = (
				E46296062A3D32C800EE3439 /* Sources */,
				E46296072A3D32C800EE3439 /* Frameworks */,
				E46296082A3D32C800EE3439 /* Resources */,
				E44917442A52E2980071F3DA /* ShellScript */,
			);
			buildRules = (
			);
			dependencies = (
			);
			name = ToDoList_UIKit;
			productName = ToDoList_UIKit;
			productReference = E462960A2A3D32C800EE3439 /* ToDoList_UIKit.app */;
			productType = "com.apple.product-type.application";
		};
		E462961F2A3D32CC00EE3439 /* ToDoList_UIKitTests */ = {
			isa = PBXNativeTarget;
			buildConfigurationList = E46296372A3D32CC00EE3439 /* Build configuration list for PBXNativeTarget "ToDoList_UIKitTests" */;
			buildPhases = (
				E462961C2A3D32CC00EE3439 /* Sources */,
				E462961D2A3D32CC00EE3439 /* Frameworks */,
				E462961E2A3D32CC00EE3439 /* Resources */,
			);
			buildRules = (
			);
			dependencies = (
				E46296222A3D32CC00EE3439 /* PBXTargetDependency */,
			);
			name = ToDoList_UIKitTests;
			productName = ToDoList_UIKitTests;
			productReference = E46296202A3D32CC00EE3439 /* ToDoList_UIKitTests.xctest */;
			productType = "com.apple.product-type.bundle.unit-test";
		};
		E46296292A3D32CC00EE3439 /* ToDoList_UIKitUITests */ = {
			isa = PBXNativeTarget;
			buildConfigurationList = E462963A2A3D32CC00EE3439 /* Build configuration list for PBXNativeTarget "ToDoList_UIKitUITests" */;
			buildPhases = (
				E46296262A3D32CC00EE3439 /* Sources */,
				E46296272A3D32CC00EE3439 /* Frameworks */,
				E46296282A3D32CC00EE3439 /* Resources */,
			);
			buildRules = (
			);
			dependencies = (
				E462962C2A3D32CC00EE3439 /* PBXTargetDependency */,
			);
			name = ToDoList_UIKitUITests;
			productName = ToDoList_UIKitUITests;
			productReference = E462962A2A3D32CC00EE3439 /* ToDoList_UIKitUITests.xctest */;
			productType = "com.apple.product-type.bundle.ui-testing";
		};
/* End PBXNativeTarget section */

/* Begin PBXProject section */
		E46296022A3D32C800EE3439 /* Project object */ = {
			isa = PBXProject;
			attributes = {
				BuildIndependentTargetsInParallel = 1;
				LastSwiftUpdateCheck = 1430;
				LastUpgradeCheck = 1430;
				TargetAttributes = {
					E46296092A3D32C800EE3439 = {
						CreatedOnToolsVersion = 14.3.1;
					};
					E462961F2A3D32CC00EE3439 = {
						CreatedOnToolsVersion = 14.3.1;
						TestTargetID = E46296092A3D32C800EE3439;
					};
					E46296292A3D32CC00EE3439 = {
						CreatedOnToolsVersion = 14.3.1;
						TestTargetID = E46296092A3D32C800EE3439;
					};
				};
			};
			buildConfigurationList = E46296052A3D32C800EE3439 /* Build configuration list for PBXProject "ToDoList_UIKit" */;
			compatibilityVersion = "Xcode 14.0";
			developmentRegion = en;
			hasScannedForEncodings = 0;
			knownRegions = (
				en,
				Base,
			);
			mainGroup = E46296012A3D32C800EE3439;
			productRefGroup = E462960B2A3D32C800EE3439 /* Products */;
			projectDirPath = "";
			projectRoot = "";
			targets = (
				E46296092A3D32C800EE3439 /* ToDoList_UIKit */,
				E462961F2A3D32CC00EE3439 /* ToDoList_UIKitTests */,
				E46296292A3D32CC00EE3439 /* ToDoList_UIKitUITests */,
			);
		};
/* End PBXProject section */

/* Begin PBXResourcesBuildPhase section */
		E46296082A3D32C800EE3439 /* Resources */ = {
			isa = PBXResourcesBuildPhase;
			buildActionMask = 2147483647;
			files = (
				E44917462A52E5260071F3DA /* .swiftlint.yml in Resources */,
				E46296172A3D32CC00EE3439 /* Assets.xcassets in Resources */,
			);
			runOnlyForDeploymentPostprocessing = 0;
		};
		E462961E2A3D32CC00EE3439 /* Resources */ = {
			isa = PBXResourcesBuildPhase;
			buildActionMask = 2147483647;
			files = (
			);
			runOnlyForDeploymentPostprocessing = 0;
		};
		E46296282A3D32CC00EE3439 /* Resources */ = {
			isa = PBXResourcesBuildPhase;
			buildActionMask = 2147483647;
			files = (
			);
			runOnlyForDeploymentPostprocessing = 0;
		};
/* End PBXResourcesBuildPhase section */

/* Begin PBXShellScriptBuildPhase section */
		E44917442A52E2980071F3DA /* ShellScript */ = {
			isa = PBXShellScriptBuildPhase;
			buildActionMask = 2147483647;
			files = (
			);
			inputFileListPaths = (
			);
			inputPaths = (
			);
			outputFileListPaths = (
			);
			outputPaths = (
			);
			runOnlyForDeploymentPostprocessing = 0;
			shellPath = /bin/sh;
			shellScript = "if [[ \"$(uname -m)\" == arm64 ]]; then\n    export PATH=\"/opt/homebrew/bin:$PATH\"\nfi\n\nif which swiftlint > /dev/null; then\n  swiftlint\nelse\n  echo \"warning: SwiftLint not installed, download from https://github.com/realm/SwiftLint\"\nfi\n";
		};
/* End PBXShellScriptBuildPhase section */

/* Begin PBXSourcesBuildPhase section */
		E46296062A3D32C800EE3439 /* Sources */ = {
			isa = PBXSourcesBuildPhase;
			buildActionMask = 2147483647;
			files = (
				E4FE21A02A5714F40067ACE5 /* NetworkingService.swift in Sources */,
				E468D6442A4F5B5C00DB9567 /* UIBarButtonItem+design.swift in Sources */,
				E44E998D2A430C1000985977 /* Store.swift in Sources */,
				E4DE61F42A4DB5A100FD1DA5 /* UIRadioImportance.swift in Sources */,
				E46296402A3D33D600EE3439 /* TodoItem.swift in Sources */,
				E44E99882A40D19500985977 /* Log.swift in Sources */,
				E46296122A3D32C800EE3439 /* ViewController.swift in Sources */,
				E4DE61F62A4DB7C000FD1DA5 /* UIView+design.swift in Sources */,
				E462960E2A3D32C800EE3439 /* AppDelegate.swift in Sources */,
				E4DE61F22A4CD59600FD1DA5 /* UIContextualAction+design.swift in Sources */,
				E477BAE92A465E0E00C4352F /* EditorTodoItemController.swift in Sources */,
				E44E999A2A43133A00985977 /* TodoListReducer.swift in Sources */,
				E44917482A52E9F60071F3DA /* URLSession+dataTask.swift in Sources */,
				E468D6402A4F02D200DB9567 /* NSLayoutConstraint.swift in Sources */,
				E44E99912A430D7C00985977 /* Reducer.swift in Sources */,
				E462963F2A3D33D600EE3439 /* FileCache.swift in Sources */,
				E43AC6D62A448B8B00C967C0 /* UITodoListView.swift in Sources */,
				E44E99962A43130D00985977 /* TodoListStore.swift in Sources */,
				E44E99982A43132D00985977 /* TodoListState.swift in Sources */,
				E46296102A3D32C800EE3439 /* SceneDelegate.swift in Sources */,
				E4FCE5C92A4B700C00E2C056 /* UIImage+createView.swift in Sources */,
				E407D0612A4A1EAE00158B76 /* UITodoListCell.swift in Sources */,
				E468D6422A4F14DF00DB9567 /* UICounterLabel.swift in Sources */,
				E44E998F2A430C3500985977 /* State.swift in Sources */,
				E4DE61F82A4E0CDE00FD1DA5 /* UITextEditor.swift in Sources */,
			);
			runOnlyForDeploymentPostprocessing = 0;
		};
		E462961C2A3D32CC00EE3439 /* Sources */ = {
			isa = PBXSourcesBuildPhase;
			buildActionMask = 2147483647;
			files = (
				E449174A2A5329810071F3DA /* NetworkTests.swift in Sources */,
				E46296252A3D32CC00EE3439 /* ToDoList_UIKitTests.swift in Sources */,
			);
			runOnlyForDeploymentPostprocessing = 0;
		};
		E46296262A3D32CC00EE3439 /* Sources */ = {
			isa = PBXSourcesBuildPhase;
			buildActionMask = 2147483647;
			files = (
				E462962F2A3D32CC00EE3439 /* ToDoList_UIKitUITests.swift in Sources */,
				E46296312A3D32CC00EE3439 /* ToDoList_UIKitUITestsLaunchTests.swift in Sources */,
			);
			runOnlyForDeploymentPostprocessing = 0;
		};
/* End PBXSourcesBuildPhase section */

/* Begin PBXTargetDependency section */
		E46296222A3D32CC00EE3439 /* PBXTargetDependency */ = {
			isa = PBXTargetDependency;
			target = E46296092A3D32C800EE3439 /* ToDoList_UIKit */;
			targetProxy = E46296212A3D32CC00EE3439 /* PBXContainerItemProxy */;
		};
		E462962C2A3D32CC00EE3439 /* PBXTargetDependency */ = {
			isa = PBXTargetDependency;
			target = E46296092A3D32C800EE3439 /* ToDoList_UIKit */;
			targetProxy = E462962B2A3D32CC00EE3439 /* PBXContainerItemProxy */;
		};
/* End PBXTargetDependency section */

/* Begin XCBuildConfiguration section */
		E46296322A3D32CC00EE3439 /* Debug */ = {
			isa = XCBuildConfiguration;
			buildSettings = {
				ALWAYS_SEARCH_USER_PATHS = NO;
				CLANG_ANALYZER_NONNULL = YES;
				CLANG_ANALYZER_NUMBER_OBJECT_CONVERSION = YES_AGGRESSIVE;
				CLANG_CXX_LANGUAGE_STANDARD = "gnu++20";
				CLANG_ENABLE_MODULES = YES;
				CLANG_ENABLE_OBJC_ARC = YES;
				CLANG_ENABLE_OBJC_WEAK = YES;
				CLANG_WARN_BLOCK_CAPTURE_AUTORELEASING = YES;
				CLANG_WARN_BOOL_CONVERSION = YES;
				CLANG_WARN_COMMA = YES;
				CLANG_WARN_CONSTANT_CONVERSION = YES;
				CLANG_WARN_DEPRECATED_OBJC_IMPLEMENTATIONS = YES;
				CLANG_WARN_DIRECT_OBJC_ISA_USAGE = YES_ERROR;
				CLANG_WARN_DOCUMENTATION_COMMENTS = YES;
				CLANG_WARN_EMPTY_BODY = YES;
				CLANG_WARN_ENUM_CONVERSION = YES;
				CLANG_WARN_INFINITE_RECURSION = YES;
				CLANG_WARN_INT_CONVERSION = YES;
				CLANG_WARN_NON_LITERAL_NULL_CONVERSION = YES;
				CLANG_WARN_OBJC_IMPLICIT_RETAIN_SELF = YES;
				CLANG_WARN_OBJC_LITERAL_CONVERSION = YES;
				CLANG_WARN_OBJC_ROOT_CLASS = YES_ERROR;
				CLANG_WARN_QUOTED_INCLUDE_IN_FRAMEWORK_HEADER = YES;
				CLANG_WARN_RANGE_LOOP_ANALYSIS = YES;
				CLANG_WARN_STRICT_PROTOTYPES = YES;
				CLANG_WARN_SUSPICIOUS_MOVE = YES;
				CLANG_WARN_UNGUARDED_AVAILABILITY = YES_AGGRESSIVE;
				CLANG_WARN_UNREACHABLE_CODE = YES;
				CLANG_WARN__DUPLICATE_METHOD_MATCH = YES;
				COPY_PHASE_STRIP = NO;
				DEBUG_INFORMATION_FORMAT = dwarf;
				ENABLE_STRICT_OBJC_MSGSEND = YES;
				ENABLE_TESTABILITY = YES;
				GCC_C_LANGUAGE_STANDARD = gnu11;
				GCC_DYNAMIC_NO_PIC = NO;
				GCC_NO_COMMON_BLOCKS = YES;
				GCC_OPTIMIZATION_LEVEL = 0;
				GCC_PREPROCESSOR_DEFINITIONS = (
					"DEBUG=1",
					"$(inherited)",
				);
				GCC_WARN_64_TO_32_BIT_CONVERSION = YES;
				GCC_WARN_ABOUT_RETURN_TYPE = YES_ERROR;
				GCC_WARN_UNDECLARED_SELECTOR = YES;
				GCC_WARN_UNINITIALIZED_AUTOS = YES_AGGRESSIVE;
				GCC_WARN_UNUSED_FUNCTION = YES;
				GCC_WARN_UNUSED_VARIABLE = YES;
				IPHONEOS_DEPLOYMENT_TARGET = 16.4;
				MTL_ENABLE_DEBUG_INFO = INCLUDE_SOURCE;
				MTL_FAST_MATH = YES;
				ONLY_ACTIVE_ARCH = YES;
				SDKROOT = iphoneos;
				SWIFT_ACTIVE_COMPILATION_CONDITIONS = DEBUG;
				SWIFT_OPTIMIZATION_LEVEL = "-Onone";
			};
			name = Debug;
		};
		E46296332A3D32CC00EE3439 /* Release */ = {
			isa = XCBuildConfiguration;
			buildSettings = {
				ALWAYS_SEARCH_USER_PATHS = NO;
				CLANG_ANALYZER_NONNULL = YES;
				CLANG_ANALYZER_NUMBER_OBJECT_CONVERSION = YES_AGGRESSIVE;
				CLANG_CXX_LANGUAGE_STANDARD = "gnu++20";
				CLANG_ENABLE_MODULES = YES;
				CLANG_ENABLE_OBJC_ARC = YES;
				CLANG_ENABLE_OBJC_WEAK = YES;
				CLANG_WARN_BLOCK_CAPTURE_AUTORELEASING = YES;
				CLANG_WARN_BOOL_CONVERSION = YES;
				CLANG_WARN_COMMA = YES;
				CLANG_WARN_CONSTANT_CONVERSION = YES;
				CLANG_WARN_DEPRECATED_OBJC_IMPLEMENTATIONS = YES;
				CLANG_WARN_DIRECT_OBJC_ISA_USAGE = YES_ERROR;
				CLANG_WARN_DOCUMENTATION_COMMENTS = YES;
				CLANG_WARN_EMPTY_BODY = YES;
				CLANG_WARN_ENUM_CONVERSION = YES;
				CLANG_WARN_INFINITE_RECURSION = YES;
				CLANG_WARN_INT_CONVERSION = YES;
				CLANG_WARN_NON_LITERAL_NULL_CONVERSION = YES;
				CLANG_WARN_OBJC_IMPLICIT_RETAIN_SELF = YES;
				CLANG_WARN_OBJC_LITERAL_CONVERSION = YES;
				CLANG_WARN_OBJC_ROOT_CLASS = YES_ERROR;
				CLANG_WARN_QUOTED_INCLUDE_IN_FRAMEWORK_HEADER = YES;
				CLANG_WARN_RANGE_LOOP_ANALYSIS = YES;
				CLANG_WARN_STRICT_PROTOTYPES = YES;
				CLANG_WARN_SUSPICIOUS_MOVE = YES;
				CLANG_WARN_UNGUARDED_AVAILABILITY = YES_AGGRESSIVE;
				CLANG_WARN_UNREACHABLE_CODE = YES;
				CLANG_WARN__DUPLICATE_METHOD_MATCH = YES;
				COPY_PHASE_STRIP = NO;
				DEBUG_INFORMATION_FORMAT = "dwarf-with-dsym";
				ENABLE_NS_ASSERTIONS = NO;
				ENABLE_STRICT_OBJC_MSGSEND = YES;
				GCC_C_LANGUAGE_STANDARD = gnu11;
				GCC_NO_COMMON_BLOCKS = YES;
				GCC_WARN_64_TO_32_BIT_CONVERSION = YES;
				GCC_WARN_ABOUT_RETURN_TYPE = YES_ERROR;
				GCC_WARN_UNDECLARED_SELECTOR = YES;
				GCC_WARN_UNINITIALIZED_AUTOS = YES_AGGRESSIVE;
				GCC_WARN_UNUSED_FUNCTION = YES;
				GCC_WARN_UNUSED_VARIABLE = YES;
				IPHONEOS_DEPLOYMENT_TARGET = 16.4;
				MTL_ENABLE_DEBUG_INFO = NO;
				MTL_FAST_MATH = YES;
				SDKROOT = iphoneos;
				SWIFT_COMPILATION_MODE = wholemodule;
				SWIFT_OPTIMIZATION_LEVEL = "-O";
				VALIDATE_PRODUCT = YES;
			};
			name = Release;
		};
		E46296352A3D32CC00EE3439 /* Debug */ = {
			isa = XCBuildConfiguration;
			buildSettings = {
				ASSETCATALOG_COMPILER_APPICON_NAME = AppIcon;
				ASSETCATALOG_COMPILER_GLOBAL_ACCENT_COLOR_NAME = AccentColor;
				CODE_SIGN_STYLE = Automatic;
				CURRENT_PROJECT_VERSION = 1;
				DEVELOPMENT_TEAM = BUK8VS7CA6;
				GENERATE_INFOPLIST_FILE = YES;
				INFOPLIST_FILE = ToDoList_UIKit/Info.plist;
				INFOPLIST_KEY_UIApplicationSupportsIndirectInputEvents = YES;
				INFOPLIST_KEY_UILaunchStoryboardName = LaunchScreen;
				INFOPLIST_KEY_UISupportedInterfaceOrientations_iPad = "UIInterfaceOrientationPortrait UIInterfaceOrientationPortraitUpsideDown UIInterfaceOrientationLandscapeLeft UIInterfaceOrientationLandscapeRight";
				INFOPLIST_KEY_UISupportedInterfaceOrientations_iPhone = "UIInterfaceOrientationPortrait UIInterfaceOrientationLandscapeLeft UIInterfaceOrientationLandscapeRight";
				LD_RUNPATH_SEARCH_PATHS = (
					"$(inherited)",
					"@executable_path/Frameworks",
				);
				MARKETING_VERSION = 1.0;
				PRODUCT_BUNDLE_IDENTIFIER = "danchopancho.ToDoList-UIKit";
				PRODUCT_NAME = "$(TARGET_NAME)";
				SWIFT_EMIT_LOC_STRINGS = YES;
				SWIFT_STRICT_CONCURRENCY = complete;
				SWIFT_VERSION = 5.0;
				TARGETED_DEVICE_FAMILY = "1,2";
				WARNING_CFLAGS = "";
			};
			name = Debug;
		};
		E46296362A3D32CC00EE3439 /* Release */ = {
			isa = XCBuildConfiguration;
			buildSettings = {
				ASSETCATALOG_COMPILER_APPICON_NAME = AppIcon;
				ASSETCATALOG_COMPILER_GLOBAL_ACCENT_COLOR_NAME = AccentColor;
				CODE_SIGN_STYLE = Automatic;
				CURRENT_PROJECT_VERSION = 1;
				DEVELOPMENT_TEAM = BUK8VS7CA6;
				GENERATE_INFOPLIST_FILE = YES;
				INFOPLIST_FILE = ToDoList_UIKit/Info.plist;
				INFOPLIST_KEY_UIApplicationSupportsIndirectInputEvents = YES;
				INFOPLIST_KEY_UILaunchStoryboardName = LaunchScreen;
				INFOPLIST_KEY_UISupportedInterfaceOrientations_iPad = "UIInterfaceOrientationPortrait UIInterfaceOrientationPortraitUpsideDown UIInterfaceOrientationLandscapeLeft UIInterfaceOrientationLandscapeRight";
				INFOPLIST_KEY_UISupportedInterfaceOrientations_iPhone = "UIInterfaceOrientationPortrait UIInterfaceOrientationLandscapeLeft UIInterfaceOrientationLandscapeRight";
				LD_RUNPATH_SEARCH_PATHS = (
					"$(inherited)",
					"@executable_path/Frameworks",
				);
				MARKETING_VERSION = 1.0;
				PRODUCT_BUNDLE_IDENTIFIER = "danchopancho.ToDoList-UIKit";
				PRODUCT_NAME = "$(TARGET_NAME)";
				SWIFT_EMIT_LOC_STRINGS = YES;
				SWIFT_STRICT_CONCURRENCY = complete;
				SWIFT_VERSION = 5.0;
				TARGETED_DEVICE_FAMILY = "1,2";
				WARNING_CFLAGS = "";
			};
			name = Release;
		};
		E46296382A3D32CC00EE3439 /* Debug */ = {
			isa = XCBuildConfiguration;
			buildSettings = {
				ALWAYS_EMBED_SWIFT_STANDARD_LIBRARIES = YES;
				BUNDLE_LOADER = "$(TEST_HOST)";
				CODE_SIGN_STYLE = Automatic;
				CURRENT_PROJECT_VERSION = 1;
				DEVELOPMENT_TEAM = BUK8VS7CA6;
				GENERATE_INFOPLIST_FILE = YES;
				IPHONEOS_DEPLOYMENT_TARGET = 16.4;
				MARKETING_VERSION = 1.0;
				PRODUCT_BUNDLE_IDENTIFIER = "danchopancho.ToDoList-UIKitTests";
				PRODUCT_NAME = "$(TARGET_NAME)";
				SWIFT_EMIT_LOC_STRINGS = NO;
				SWIFT_STRICT_CONCURRENCY = complete;
				SWIFT_VERSION = 5.0;
				TARGETED_DEVICE_FAMILY = "1,2";
				TEST_HOST = "$(BUILT_PRODUCTS_DIR)/ToDoList_UIKit.app/$(BUNDLE_EXECUTABLE_FOLDER_PATH)/ToDoList_UIKit";
			};
			name = Debug;
		};
		E46296392A3D32CC00EE3439 /* Release */ = {
			isa = XCBuildConfiguration;
			buildSettings = {
				ALWAYS_EMBED_SWIFT_STANDARD_LIBRARIES = YES;
				BUNDLE_LOADER = "$(TEST_HOST)";
				CODE_SIGN_STYLE = Automatic;
				CURRENT_PROJECT_VERSION = 1;
				DEVELOPMENT_TEAM = BUK8VS7CA6;
				GENERATE_INFOPLIST_FILE = YES;
				IPHONEOS_DEPLOYMENT_TARGET = 16.4;
				MARKETING_VERSION = 1.0;
				PRODUCT_BUNDLE_IDENTIFIER = "danchopancho.ToDoList-UIKitTests";
				PRODUCT_NAME = "$(TARGET_NAME)";
				SWIFT_EMIT_LOC_STRINGS = NO;
				SWIFT_STRICT_CONCURRENCY = complete;
				SWIFT_VERSION = 5.0;
				TARGETED_DEVICE_FAMILY = "1,2";
				TEST_HOST = "$(BUILT_PRODUCTS_DIR)/ToDoList_UIKit.app/$(BUNDLE_EXECUTABLE_FOLDER_PATH)/ToDoList_UIKit";
			};
			name = Release;
		};
		E462963B2A3D32CC00EE3439 /* Debug */ = {
			isa = XCBuildConfiguration;
			buildSettings = {
				ALWAYS_EMBED_SWIFT_STANDARD_LIBRARIES = YES;
				CODE_SIGN_STYLE = Automatic;
				CURRENT_PROJECT_VERSION = 1;
				DEVELOPMENT_TEAM = BUK8VS7CA6;
				GENERATE_INFOPLIST_FILE = YES;
				MARKETING_VERSION = 1.0;
				PRODUCT_BUNDLE_IDENTIFIER = "danchopancho.ToDoList-UIKitUITests";
				PRODUCT_NAME = "$(TARGET_NAME)";
				SWIFT_EMIT_LOC_STRINGS = NO;
				SWIFT_VERSION = 5.0;
				TARGETED_DEVICE_FAMILY = "1,2";
				TEST_TARGET_NAME = ToDoList_UIKit;
			};
			name = Debug;
		};
		E462963C2A3D32CC00EE3439 /* Release */ = {
			isa = XCBuildConfiguration;
			buildSettings = {
				ALWAYS_EMBED_SWIFT_STANDARD_LIBRARIES = YES;
				CODE_SIGN_STYLE = Automatic;
				CURRENT_PROJECT_VERSION = 1;
				DEVELOPMENT_TEAM = BUK8VS7CA6;
				GENERATE_INFOPLIST_FILE = YES;
				MARKETING_VERSION = 1.0;
				PRODUCT_BUNDLE_IDENTIFIER = "danchopancho.ToDoList-UIKitUITests";
				PRODUCT_NAME = "$(TARGET_NAME)";
				SWIFT_EMIT_LOC_STRINGS = NO;
				SWIFT_VERSION = 5.0;
				TARGETED_DEVICE_FAMILY = "1,2";
				TEST_TARGET_NAME = ToDoList_UIKit;
			};
			name = Release;
		};
/* End XCBuildConfiguration section */

/* Begin XCConfigurationList section */
		E46296052A3D32C800EE3439 /* Build configuration list for PBXProject "ToDoList_UIKit" */ = {
			isa = XCConfigurationList;
			buildConfigurations = (
				E46296322A3D32CC00EE3439 /* Debug */,
				E46296332A3D32CC00EE3439 /* Release */,
			);
			defaultConfigurationIsVisible = 0;
			defaultConfigurationName = Release;
		};
		E46296342A3D32CC00EE3439 /* Build configuration list for PBXNativeTarget "ToDoList_UIKit" */ = {
			isa = XCConfigurationList;
			buildConfigurations = (
				E46296352A3D32CC00EE3439 /* Debug */,
				E46296362A3D32CC00EE3439 /* Release */,
			);
			defaultConfigurationIsVisible = 0;
			defaultConfigurationName = Release;
		};
		E46296372A3D32CC00EE3439 /* Build configuration list for PBXNativeTarget "ToDoList_UIKitTests" */ = {
			isa = XCConfigurationList;
			buildConfigurations = (
				E46296382A3D32CC00EE3439 /* Debug */,
				E46296392A3D32CC00EE3439 /* Release */,
			);
			defaultConfigurationIsVisible = 0;
			defaultConfigurationName = Release;
		};
		E462963A2A3D32CC00EE3439 /* Build configuration list for PBXNativeTarget "ToDoList_UIKitUITests" */ = {
			isa = XCConfigurationList;
			buildConfigurations = (
				E462963B2A3D32CC00EE3439 /* Debug */,
				E462963C2A3D32CC00EE3439 /* Release */,
			);
			defaultConfigurationIsVisible = 0;
			defaultConfigurationName = Release;
		};
/* End XCConfigurationList section */
	};
	rootObject = E46296022A3D32C800EE3439 /* Project object */;
}
